
Microsoft Visual Studio Solution File, Format Version 12.00
# Visual Studio 15
VisualStudioVersion = 15.0.26403.0
MinimumVisualStudioVersion = 10.0.40219.1
Project("{9A19103F-16F7-4668-BE54-9A1E7A4F7556}") = "ExistAll.Settings", "ExistAll.Settings.csproj", "{6053F91D-B805-4090-89E3-63EB6A20232D}"
EndProject
Project("{2150E333-8FDC-42A3-9474-1A3956D46DE8}") = "Test", "Test", "{4F4FC7AA-2E93-4175-8D6E-D241BF6D7DA5}"
EndProject
Project("{FAE04EC0-301F-11D3-BF4B-00C04F79EFBC}") = "ExistAll.Settings.UnitTests", "..\ExistAll.Settings.UnitTests\ExistAll.Settings.UnitTests.csproj", "{062ACC8F-0902-43BD-9ECD-8A72F0D8DD26}"
EndProject
Project("{FAE04EC0-301F-11D3-BF4B-00C04F79EFBC}") = "ExistAll.Settings.Extensions.Binders", "..\ExistAll.Settings.Extensions.Binders\ExistAll.Settings.Extensions.Binders.csproj", "{31FE3601-D67B-4881-A2FD-8840DAE3183A}"
EndProject
Global
	GlobalSection(SolutionConfigurationPlatforms) = preSolution
		Debug|Any CPU = Debug|Any CPU
		Release|Any CPU = Release|Any CPU
	EndGlobalSection
	GlobalSection(ProjectConfigurationPlatforms) = postSolution
		{6053F91D-B805-4090-89E3-63EB6A20232D}.Debug|Any CPU.ActiveCfg = Debug|Any CPU
		{6053F91D-B805-4090-89E3-63EB6A20232D}.Debug|Any CPU.Build.0 = Debug|Any CPU
		{6053F91D-B805-4090-89E3-63EB6A20232D}.Release|Any CPU.ActiveCfg = Release|Any CPU
		{6053F91D-B805-4090-89E3-63EB6A20232D}.Release|Any CPU.Build.0 = Release|Any CPU
		{062ACC8F-0902-43BD-9ECD-8A72F0D8DD26}.Debug|Any CPU.ActiveCfg = Debug|Any CPU
		{062ACC8F-0902-43BD-9ECD-8A72F0D8DD26}.Debug|Any CPU.Build.0 = Debug|Any CPU
		{062ACC8F-0902-43BD-9ECD-8A72F0D8DD26}.Release|Any CPU.ActiveCfg = Release|Any CPU
		{062ACC8F-0902-43BD-9ECD-8A72F0D8DD26}.Release|Any CPU.Build.0 = Release|Any CPU
		{31FE3601-D67B-4881-A2FD-8840DAE3183A}.Debug|Any CPU.ActiveCfg = Debug|Any CPU
		{31FE3601-D67B-4881-A2FD-8840DAE3183A}.Debug|Any CPU.Build.0 = Debug|Any CPU
		{31FE3601-D67B-4881-A2FD-8840DAE3183A}.Release|Any CPU.ActiveCfg = Release|Any CPU
		{31FE3601-D67B-4881-A2FD-8840DAE3183A}.Release|Any CPU.Build.0 = Release|Any CPU
	EndGlobalSection
	GlobalSection(SolutionProperties) = preSolution
		HideSolutionNode = FALSE
	EndGlobalSection
	GlobalSection(NestedProjects) = preSolution
		{062ACC8F-0902-43BD-9ECD-8A72F0D8DD26} = {4F4FC7AA-2E93-4175-8D6E-D241BF6D7DA5}
	EndGlobalSection
EndGlobal
